
Microsoft Visual Studio Solution File, Format Version 12.00
# Visual Studio 15
VisualStudioVersion = 15.0.27703.1
MinimumVisualStudioVersion = 10.0.40219.1
Project("{FAE04EC0-301F-11D3-BF4B-00C04F79EFBC}") = "DemoMVVMAprendices.Android", "DemoMVVMAprendices\DemoMVVMAprendices.Android\DemoMVVMAprendices.Android.csproj", "{B7BE29D1-CE2A-410B-9500-EA54566458FB}"
EndProject
Project("{FAE04EC0-301F-11D3-BF4B-00C04F79EFBC}") = "DemoMVVMAprendices.iOS", "DemoMVVMAprendices\DemoMVVMAprendices.iOS\DemoMVVMAprendices.iOS.csproj", "{9CC045F3-3A8B-437E-A6E7-CE66ECF49973}"
EndProject
Project("{FAE04EC0-301F-11D3-BF4B-00C04F79EFBC}") = "DemoMVVMAprendices", "DemoMVVMAprendices\DemoMVVMAprendices\DemoMVVMAprendices.csproj", "{506476EC-EC16-47B1-95EA-68341E304F25}"
EndProject
Global
	GlobalSection(SolutionConfigurationPlatforms) = preSolution
		Ad-Hoc|Any CPU = Ad-Hoc|Any CPU
		Ad-Hoc|iPhone = Ad-Hoc|iPhone
		Ad-Hoc|iPhoneSimulator = Ad-Hoc|iPhoneSimulator
		AppStore|Any CPU = AppStore|Any CPU
		AppStore|iPhone = AppStore|iPhone
		AppStore|iPhoneSimulator = AppStore|iPhoneSimulator
		Debug|Any CPU = Debug|Any CPU
		Debug|iPhone = Debug|iPhone
		Debug|iPhoneSimulator = Debug|iPhoneSimulator
		Release|Any CPU = Release|Any CPU
		Release|iPhone = Release|iPhone
		Release|iPhoneSimulator = Release|iPhoneSimulator
	EndGlobalSection
	GlobalSection(ProjectConfigurationPlatforms) = postSolution
		{B7BE29D1-CE2A-410B-9500-EA54566458FB}.Ad-Hoc|Any CPU.ActiveCfg = Release|Any CPU
		{B7BE29D1-CE2A-410B-9500-EA54566458FB}.Ad-Hoc|Any CPU.Build.0 = Release|Any CPU
		{B7BE29D1-CE2A-410B-9500-EA54566458FB}.Ad-Hoc|Any CPU.Deploy.0 = Release|Any CPU
		{B7BE29D1-CE2A-410B-9500-EA54566458FB}.Ad-Hoc|iPhone.ActiveCfg = Release|Any CPU
		{B7BE29D1-CE2A-410B-9500-EA54566458FB}.Ad-Hoc|iPhone.Build.0 = Release|Any CPU
		{B7BE29D1-CE2A-410B-9500-EA54566458FB}.Ad-Hoc|iPhone.Deploy.0 = Release|Any CPU
		{B7BE29D1-CE2A-410B-9500-EA54566458FB}.Ad-Hoc|iPhoneSimulator.ActiveCfg = Release|Any CPU
		{B7BE29D1-CE2A-410B-9500-EA54566458FB}.Ad-Hoc|iPhoneSimulator.Build.0 = Release|Any CPU
		{B7BE29D1-CE2A-410B-9500-EA54566458FB}.Ad-Hoc|iPhoneSimulator.Deploy.0 = Release|Any CPU
		{B7BE29D1-CE2A-410B-9500-EA54566458FB}.AppStore|Any CPU.ActiveCfg = Release|Any CPU
		{B7BE29D1-CE2A-410B-9500-EA54566458FB}.AppStore|Any CPU.Build.0 = Release|Any CPU
		{B7BE29D1-CE2A-410B-9500-EA54566458FB}.AppStore|Any CPU.Deploy.0 = Release|Any CPU
		{B7BE29D1-CE2A-410B-9500-EA54566458FB}.AppStore|iPhone.ActiveCfg = Release|Any CPU
		{B7BE29D1-CE2A-410B-9500-EA54566458FB}.AppStore|iPhone.Build.0 = Release|Any CPU
		{B7BE29D1-CE2A-410B-9500-EA54566458FB}.AppStore|iPhone.Deploy.0 = Release|Any CPU
		{B7BE29D1-CE2A-410B-9500-EA54566458FB}.AppStore|iPhoneSimulator.ActiveCfg = Release|Any CPU
		{B7BE29D1-CE2A-410B-9500-EA54566458FB}.AppStore|iPhoneSimulator.Build.0 = Release|Any CPU
		{B7BE29D1-CE2A-410B-9500-EA54566458FB}.AppStore|iPhoneSimulator.Deploy.0 = Release|Any CPU
		{B7BE29D1-CE2A-410B-9500-EA54566458FB}.Debug|Any CPU.ActiveCfg = Debug|Any CPU
		{B7BE29D1-CE2A-410B-9500-EA54566458FB}.Debug|Any CPU.Build.0 = Debug|Any CPU
		{B7BE29D1-CE2A-410B-9500-EA54566458FB}.Debug|Any CPU.Deploy.0 = Debug|Any CPU
		{B7BE29D1-CE2A-410B-9500-EA54566458FB}.Debug|iPhone.ActiveCfg = Debug|Any CPU
		{B7BE29D1-CE2A-410B-9500-EA54566458FB}.Debug|iPhone.Build.0 = Debug|Any CPU
		{B7BE29D1-CE2A-410B-9500-EA54566458FB}.Debug|iPhone.Deploy.0 = Debug|Any CPU
		{B7BE29D1-CE2A-410B-9500-EA54566458FB}.Debug|iPhoneSimulator.ActiveCfg = Debug|Any CPU
		{B7BE29D1-CE2A-410B-9500-EA54566458FB}.Debug|iPhoneSimulator.Build.0 = Debug|Any CPU
		{B7BE29D1-CE2A-410B-9500-EA54566458FB}.Debug|iPhoneSimulator.Deploy.0 = Debug|Any CPU
		{B7BE29D1-CE2A-410B-9500-EA54566458FB}.Release|Any CPU.ActiveCfg = Release|Any CPU
		{B7BE29D1-CE2A-410B-9500-EA54566458FB}.Release|Any CPU.Build.0 = Release|Any CPU
		{B7BE29D1-CE2A-410B-9500-EA54566458FB}.Release|Any CPU.Deploy.0 = Release|Any CPU
		{B7BE29D1-CE2A-410B-9500-EA54566458FB}.Release|iPhone.ActiveCfg = Release|Any CPU
		{B7BE29D1-CE2A-410B-9500-EA54566458FB}.Release|iPhone.Build.0 = Release|Any CPU
		{B7BE29D1-CE2A-410B-9500-EA54566458FB}.Release|iPhone.Deploy.0 = Release|Any CPU
		{B7BE29D1-CE2A-410B-9500-EA54566458FB}.Release|iPhoneSimulator.ActiveCfg = Release|Any CPU
		{B7BE29D1-CE2A-410B-9500-EA54566458FB}.Release|iPhoneSimulator.Build.0 = Release|Any CPU
		{B7BE29D1-CE2A-410B-9500-EA54566458FB}.Release|iPhoneSimulator.Deploy.0 = Release|Any CPU
		{9CC045F3-3A8B-437E-A6E7-CE66ECF49973}.Ad-Hoc|Any CPU.ActiveCfg = Ad-Hoc|iPhone
		{9CC045F3-3A8B-437E-A6E7-CE66ECF49973}.Ad-Hoc|Any CPU.Build.0 = Ad-Hoc|iPhone
		{9CC045F3-3A8B-437E-A6E7-CE66ECF49973}.Ad-Hoc|Any CPU.Deploy.0 = Ad-Hoc|iPhone
		{9CC045F3-3A8B-437E-A6E7-CE66ECF49973}.Ad-Hoc|iPhone.ActiveCfg = Ad-Hoc|iPhone
		{9CC045F3-3A8B-437E-A6E7-CE66ECF49973}.Ad-Hoc|iPhone.Build.0 = Ad-Hoc|iPhone
		{9CC045F3-3A8B-437E-A6E7-CE66ECF49973}.Ad-Hoc|iPhone.Deploy.0 = Ad-Hoc|iPhone
		{9CC045F3-3A8B-437E-A6E7-CE66ECF49973}.Ad-Hoc|iPhoneSimulator.ActiveCfg = Ad-Hoc|iPhoneSimulator
		{9CC045F3-3A8B-437E-A6E7-CE66ECF49973}.Ad-Hoc|iPhoneSimulator.Build.0 = Ad-Hoc|iPhoneSimulator
		{9CC045F3-3A8B-437E-A6E7-CE66ECF49973}.Ad-Hoc|iPhoneSimulator.Deploy.0 = Ad-Hoc|iPhoneSimulator
		{9CC045F3-3A8B-437E-A6E7-CE66ECF49973}.AppStore|Any CPU.ActiveCfg = AppStore|iPhone
		{9CC045F3-3A8B-437E-A6E7-CE66ECF49973}.AppStore|Any CPU.Build.0 = AppStore|iPhone
		{9CC045F3-3A8B-437E-A6E7-CE66ECF49973}.AppStore|Any CPU.Deploy.0 = AppStore|iPhone
		{9CC045F3-3A8B-437E-A6E7-CE66ECF49973}.AppStore|iPhone.ActiveCfg = AppStore|iPhone
		{9CC045F3-3A8B-437E-A6E7-CE66ECF49973}.AppStore|iPhone.Build.0 = AppStore|iPhone
		{9CC045F3-3A8B-437E-A6E7-CE66ECF49973}.AppStore|iPhone.Deploy.0 = AppStore|iPhone
		{9CC045F3-3A8B-437E-A6E7-CE66ECF49973}.AppStore|iPhoneSimulator.ActiveCfg = AppStore|iPhoneSimulator
		{9CC045F3-3A8B-437E-A6E7-CE66ECF49973}.AppStore|iPhoneSimulator.Build.0 = AppStore|iPhoneSimulator
		{9CC045F3-3A8B-437E-A6E7-CE66ECF49973}.AppStore|iPhoneSimulator.Deploy.0 = AppStore|iPhoneSimulator
		{9CC045F3-3A8B-437E-A6E7-CE66ECF49973}.Debug|Any CPU.ActiveCfg = Debug|iPhoneSimulator
		{9CC045F3-3A8B-437E-A6E7-CE66ECF49973}.Debug|Any CPU.Build.0 = Debug|iPhoneSimulator
		{9CC045F3-3A8B-437E-A6E7-CE66ECF49973}.Debug|Any CPU.Deploy.0 = Debug|iPhoneSimulator
		{9CC045F3-3A8B-437E-A6E7-CE66ECF49973}.Debug|iPhone.ActiveCfg = Debug|iPhone
		{9CC045F3-3A8B-437E-A6E7-CE66ECF49973}.Debug|iPhone.Build.0 = Debug|iPhone
		{9CC045F3-3A8B-437E-A6E7-CE66ECF49973}.Debug|iPhone.Deploy.0 = Debug|iPhone
		{9CC045F3-3A8B-437E-A6E7-CE66ECF49973}.Debug|iPhoneSimulator.ActiveCfg = Debug|iPhoneSimulator
		{9CC045F3-3A8B-437E-A6E7-CE66ECF49973}.Debug|iPhoneSimulator.Build.0 = Debug|iPhoneSimulator
		{9CC045F3-3A8B-437E-A6E7-CE66ECF49973}.Debug|iPhoneSimulator.Deploy.0 = Debug|iPhoneSimulator
		{9CC045F3-3A8B-437E-A6E7-CE66ECF49973}.Release|Any CPU.ActiveCfg = Release|iPhone
		{9CC045F3-3A8B-437E-A6E7-CE66ECF49973}.Release|Any CPU.Build.0 = Release|iPhone
		{9CC045F3-3A8B-437E-A6E7-CE66ECF49973}.Release|Any CPU.Deploy.0 = Release|iPhone
		{9CC045F3-3A8B-437E-A6E7-CE66ECF49973}.Release|iPhone.ActiveCfg = Release|iPhone
		{9CC045F3-3A8B-437E-A6E7-CE66ECF49973}.Release|iPhone.Build.0 = Release|iPhone
		{9CC045F3-3A8B-437E-A6E7-CE66ECF49973}.Release|iPhone.Deploy.0 = Release|iPhone
		{9CC045F3-3A8B-437E-A6E7-CE66ECF49973}.Release|iPhoneSimulator.ActiveCfg = Release|iPhoneSimulator
		{9CC045F3-3A8B-437E-A6E7-CE66ECF49973}.Release|iPhoneSimulator.Build.0 = Release|iPhoneSimulator
		{9CC045F3-3A8B-437E-A6E7-CE66ECF49973}.Release|iPhoneSimulator.Deploy.0 = Release|iPhoneSimulator
		{506476EC-EC16-47B1-95EA-68341E304F25}.Ad-Hoc|Any CPU.ActiveCfg = Debug|Any CPU
		{506476EC-EC16-47B1-95EA-68341E304F25}.Ad-Hoc|Any CPU.Build.0 = Debug|Any CPU
		{506476EC-EC16-47B1-95EA-68341E304F25}.Ad-Hoc|Any CPU.Deploy.0 = Debug|Any CPU
		{506476EC-EC16-47B1-95EA-68341E304F25}.Ad-Hoc|iPhone.ActiveCfg = Debug|Any CPU
		{506476EC-EC16-47B1-95EA-68341E304F25}.Ad-Hoc|iPhone.Build.0 = Debug|Any CPU
		{506476EC-EC16-47B1-95EA-68341E304F25}.Ad-Hoc|iPhone.Deploy.0 = Debug|Any CPU
		{506476EC-EC16-47B1-95EA-68341E304F25}.Ad-Hoc|iPhoneSimulator.ActiveCfg = Debug|Any CPU
		{506476EC-EC16-47B1-95EA-68341E304F25}.Ad-Hoc|iPhoneSimulator.Build.0 = Debug|Any CPU
		{506476EC-EC16-47B1-95EA-68341E304F25}.Ad-Hoc|iPhoneSimulator.Deploy.0 = Debug|Any CPU
		{506476EC-EC16-47B1-95EA-68341E304F25}.AppStore|Any CPU.ActiveCfg = Debug|Any CPU
		{506476EC-EC16-47B1-95EA-68341E304F25}.AppStore|Any CPU.Build.0 = Debug|Any CPU
		{506476EC-EC16-47B1-95EA-68341E304F25}.AppStore|Any CPU.Deploy.0 = Debug|Any CPU
		{506476EC-EC16-47B1-95EA-68341E304F25}.AppStore|iPhone.ActiveCfg = Debug|Any CPU
		{506476EC-EC16-47B1-95EA-68341E304F25}.AppStore|iPhone.Build.0 = Debug|Any CPU
		{506476EC-EC16-47B1-95EA-68341E304F25}.AppStore|iPhone.Deploy.0 = Debug|Any CPU
		{506476EC-EC16-47B1-95EA-68341E304F25}.AppStore|iPhoneSimulator.ActiveCfg = Debug|Any CPU
		{506476EC-EC16-47B1-95EA-68341E304F25}.AppStore|iPhoneSimulator.Build.0 = Debug|Any CPU
		{506476EC-EC16-47B1-95EA-68341E304F25}.AppStore|iPhoneSimulator.Deploy.0 = Debug|Any CPU
		{506476EC-EC16-47B1-95EA-68341E304F25}.Debug|Any CPU.ActiveCfg = Debug|Any CPU
		{506476EC-EC16-47B1-95EA-68341E304F25}.Debug|Any CPU.Build.0 = Debug|Any CPU
		{506476EC-EC16-47B1-95EA-68341E304F25}.Debug|Any CPU.Deploy.0 = Debug|Any CPU
		{506476EC-EC16-47B1-95EA-68341E304F25}.Debug|iPhone.ActiveCfg = Debug|Any CPU
		{506476EC-EC16-47B1-95EA-68341E304F25}.Debug|iPhone.Build.0 = Debug|Any CPU
		{506476EC-EC16-47B1-95EA-68341E304F25}.Debug|iPhone.Deploy.0 = Debug|Any CPU
		{506476EC-EC16-47B1-95EA-68341E304F25}.Debug|iPhoneSimulator.ActiveCfg = Debug|Any CPU
		{506476EC-EC16-47B1-95EA-68341E304F25}.Debug|iPhoneSimulator.Build.0 = Debug|Any CPU
		{506476EC-EC16-47B1-95EA-68341E304F25}.Debug|iPhoneSimulator.Deploy.0 = Debug|Any CPU
		{506476EC-EC16-47B1-95EA-68341E304F25}.Release|Any CPU.ActiveCfg = Release|Any CPU
		{506476EC-EC16-47B1-95EA-68341E304F25}.Release|Any CPU.Build.0 = Release|Any CPU
		{506476EC-EC16-47B1-95EA-68341E304F25}.Release|Any CPU.Deploy.0 = Release|Any CPU
		{506476EC-EC16-47B1-95EA-68341E304F25}.Release|iPhone.ActiveCfg = Release|Any CPU
		{506476EC-EC16-47B1-95EA-68341E304F25}.Release|iPhone.Build.0 = Release|Any CPU
		{506476EC-EC16-47B1-95EA-68341E304F25}.Release|iPhone.Deploy.0 = Release|Any CPU
		{506476EC-EC16-47B1-95EA-68341E304F25}.Release|iPhoneSimulator.ActiveCfg = Release|Any CPU
		{506476EC-EC16-47B1-95EA-68341E304F25}.Release|iPhoneSimulator.Build.0 = Release|Any CPU
		{506476EC-EC16-47B1-95EA-68341E304F25}.Release|iPhoneSimulator.Deploy.0 = Release|Any CPU
	EndGlobalSection
	GlobalSection(SolutionProperties) = preSolution
		HideSolutionNode = FALSE
	EndGlobalSection
	GlobalSection(ExtensibilityGlobals) = postSolution
		SolutionGuid = {27461AD6-EEA4-44D6-8B97-D404404B4F72}
	EndGlobalSection
EndGlobal
